
Microsoft Visual Studio Solution File, Format Version 12.00
# Visual Studio Version 17
VisualStudioVersion = 17.5.33627.172
MinimumVisualStudioVersion = 10.0.40219.1
Project("{9A19103F-16F7-4668-BE54-9A1E7A4F7556}") = "PharmaGO.Api", "src\PharmaGO.Api\PharmaGO.Api.csproj", "{92E7B869-1175-4985-BE8C-6F1F3890340B}"
EndProject
Project("{9A19103F-16F7-4668-BE54-9A1E7A4F7556}") = "PharmaGO.Application", "src\PharmaGO.Application\PharmaGO.Application.csproj", "{FC50FE26-5B5E-478A-AD64-3DE3080B9150}"
EndProject
Project("{9A19103F-16F7-4668-BE54-9A1E7A4F7556}") = "PharmaGO.Contract", "src\PharmaGO.Contract\PharmaGO.Contract.csproj", "{3ADBA59A-47E2-499B-9BE7-CCE0FEFE03C6}"
EndProject
Project("{9A19103F-16F7-4668-BE54-9A1E7A4F7556}") = "PharmaGO.Core", "src\PharmaGO.Core\PharmaGO.Core.csproj", "{2C6398E7-FB01-4F2E-A606-A26DFC425E99}"
EndProject
Project("{9A19103F-16F7-4668-BE54-9A1E7A4F7556}") = "PharmaGO.Infrastructure", "src\PharmaGO.Infrastructure\PharmaGO.Infrastructure.csproj", "{72B603AA-7D81-4979-B023-994758089A84}"
EndProject
Project("{2150E333-8FDC-42A3-9474-1A3956D46DE8}") = "src", "src", "{A22B7990-A564-42CE-B125-7FB6335DCBE7}"
EndProject
Project("{2150E333-8FDC-42A3-9474-1A3956D46DE8}") = "tests", "tests", "{E1FFF163-DA77-4137-B1D3-47EC2656444F}"
EndProject
Project("{2150E333-8FDC-42A3-9474-1A3956D46DE8}") = "Solution items", "Solution items", "{24E303F4-E68F-49E5-B611-6C74883F889B}"
	ProjectSection(SolutionItems) = preProject
		README.md = README.md
	EndProjectSection
EndProject
Project("{FAE04EC0-301F-11D3-BF4B-00C04F79EFBC}") = "PharmaGO.Application.IntegrationTests", "tests\PharmaGO.Application.IntegrationTests\PharmaGO.Application.IntegrationTests.csproj", "{405806EE-ED84-4278-A82C-C4CCADD9F9C2}"
EndProject
Project("{FAE04EC0-301F-11D3-BF4B-00C04F79EFBC}") = "PharmaGO.Core.UnitTests", "tests\PharmaGO.Core.UnitTests\PharmaGO.Core.UnitTests.csproj", "{1C398292-ED1F-4628-9B5B-E8E4D7A113FA}"
EndProject
Global
	GlobalSection(SolutionConfigurationPlatforms) = preSolution
		Debug|Any CPU = Debug|Any CPU
		Release|Any CPU = Release|Any CPU
	EndGlobalSection
	GlobalSection(ProjectConfigurationPlatforms) = postSolution
		{92E7B869-1175-4985-BE8C-6F1F3890340B}.Debug|Any CPU.ActiveCfg = Debug|Any CPU
		{92E7B869-1175-4985-BE8C-6F1F3890340B}.Debug|Any CPU.Build.0 = Debug|Any CPU
		{92E7B869-1175-4985-BE8C-6F1F3890340B}.Release|Any CPU.ActiveCfg = Release|Any CPU
		{92E7B869-1175-4985-BE8C-6F1F3890340B}.Release|Any CPU.Build.0 = Release|Any CPU
		{FC50FE26-5B5E-478A-AD64-3DE3080B9150}.Debug|Any CPU.ActiveCfg = Debug|Any CPU
		{FC50FE26-5B5E-478A-AD64-3DE3080B9150}.Debug|Any CPU.Build.0 = Debug|Any CPU
		{FC50FE26-5B5E-478A-AD64-3DE3080B9150}.Release|Any CPU.ActiveCfg = Release|Any CPU
		{FC50FE26-5B5E-478A-AD64-3DE3080B9150}.Release|Any CPU.Build.0 = Release|Any CPU
		{3ADBA59A-47E2-499B-9BE7-CCE0FEFE03C6}.Debug|Any CPU.ActiveCfg = Debug|Any CPU
		{3ADBA59A-47E2-499B-9BE7-CCE0FEFE03C6}.Debug|Any CPU.Build.0 = Debug|Any CPU
		{3ADBA59A-47E2-499B-9BE7-CCE0FEFE03C6}.Release|Any CPU.ActiveCfg = Release|Any CPU
		{3ADBA59A-47E2-499B-9BE7-CCE0FEFE03C6}.Release|Any CPU.Build.0 = Release|Any CPU
		{2C6398E7-FB01-4F2E-A606-A26DFC425E99}.Debug|Any CPU.ActiveCfg = Debug|Any CPU
		{2C6398E7-FB01-4F2E-A606-A26DFC425E99}.Debug|Any CPU.Build.0 = Debug|Any CPU
		{2C6398E7-FB01-4F2E-A606-A26DFC425E99}.Release|Any CPU.ActiveCfg = Release|Any CPU
		{2C6398E7-FB01-4F2E-A606-A26DFC425E99}.Release|Any CPU.Build.0 = Release|Any CPU
		{72B603AA-7D81-4979-B023-994758089A84}.Debug|Any CPU.ActiveCfg = Debug|Any CPU
		{72B603AA-7D81-4979-B023-994758089A84}.Debug|Any CPU.Build.0 = Debug|Any CPU
		{72B603AA-7D81-4979-B023-994758089A84}.Release|Any CPU.ActiveCfg = Release|Any CPU
		{72B603AA-7D81-4979-B023-994758089A84}.Release|Any CPU.Build.0 = Release|Any CPU
		{405806EE-ED84-4278-A82C-C4CCADD9F9C2}.Debug|Any CPU.ActiveCfg = Debug|Any CPU
		{405806EE-ED84-4278-A82C-C4CCADD9F9C2}.Debug|Any CPU.Build.0 = Debug|Any CPU
		{405806EE-ED84-4278-A82C-C4CCADD9F9C2}.Release|Any CPU.ActiveCfg = Release|Any CPU
		{405806EE-ED84-4278-A82C-C4CCADD9F9C2}.Release|Any CPU.Build.0 = Release|Any CPU
		{1C398292-ED1F-4628-9B5B-E8E4D7A113FA}.Debug|Any CPU.ActiveCfg = Debug|Any CPU
		{1C398292-ED1F-4628-9B5B-E8E4D7A113FA}.Debug|Any CPU.Build.0 = Debug|Any CPU
		{1C398292-ED1F-4628-9B5B-E8E4D7A113FA}.Release|Any CPU.ActiveCfg = Release|Any CPU
		{1C398292-ED1F-4628-9B5B-E8E4D7A113FA}.Release|Any CPU.Build.0 = Release|Any CPU
	EndGlobalSection
	GlobalSection(SolutionProperties) = preSolution
		HideSolutionNode = FALSE
	EndGlobalSection
	GlobalSection(ExtensibilityGlobals) = postSolution
		SolutionGuid = {9D77EE01-EE99-4E39-A5F7-48C3458E71E6}
	EndGlobalSection
	GlobalSection(NestedProjects) = preSolution
		{92E7B869-1175-4985-BE8C-6F1F3890340B} = {A22B7990-A564-42CE-B125-7FB6335DCBE7}
		{FC50FE26-5B5E-478A-AD64-3DE3080B9150} = {A22B7990-A564-42CE-B125-7FB6335DCBE7}
		{3ADBA59A-47E2-499B-9BE7-CCE0FEFE03C6} = {A22B7990-A564-42CE-B125-7FB6335DCBE7}
		{2C6398E7-FB01-4F2E-A606-A26DFC425E99} = {A22B7990-A564-42CE-B125-7FB6335DCBE7}
		{72B603AA-7D81-4979-B023-994758089A84} = {A22B7990-A564-42CE-B125-7FB6335DCBE7}
		{405806EE-ED84-4278-A82C-C4CCADD9F9C2} = {E1FFF163-DA77-4137-B1D3-47EC2656444F}
		{1C398292-ED1F-4628-9B5B-E8E4D7A113FA} = {E1FFF163-DA77-4137-B1D3-47EC2656444F}
	EndGlobalSection
EndGlobal
